
Microsoft Visual Studio Solution File, Format Version 12.00
# Visual Studio Version 16
VisualStudioVersion = 16.0.34031.81
MinimumVisualStudioVersion = 10.0.40219.1
Project("{FAE04EC0-301F-11D3-BF4B-00C04F79EFBC}") = "ConsoleApp1", "ConsoleApp1\ConsoleApp1.csproj", "{AD02EFF0-AAE2-4A02-ADC0-AA93A86D42FB}"
EndProject
Global
	GlobalSection(SolutionConfigurationPlatforms) = preSolution
		Debug|Any CPU = Debug|Any CPU
		Release|Any CPU = Release|Any CPU
	EndGlobalSection
	GlobalSection(ProjectConfigurationPlatforms) = postSolution
		{AD02EFF0-AAE2-4A02-ADC0-AA93A86D42FB}.Debug|Any CPU.ActiveCfg = Debug|Any CPU
		{AD02EFF0-AAE2-4A02-ADC0-AA93A86D42FB}.Debug|Any CPU.Build.0 = Debug|Any CPU
		{AD02EFF0-AAE2-4A02-ADC0-AA93A86D42FB}.Release|Any CPU.ActiveCfg = Release|Any CPU
		{AD02EFF0-AAE2-4A02-ADC0-AA93A86D42FB}.Release|Any CPU.Build.0 = Release|Any CPU
	EndGlobalSection
	GlobalSection(SolutionProperties) = preSolution
		HideSolutionNode = FALSE
	EndGlobalSection
	GlobalSection(ExtensibilityGlobals) = postSolution
		SolutionGuid = {0EAA5855-C515-42F0-800F-E0BB3395A5A8}
	EndGlobalSection
EndGlobal
